
Microsoft Visual Studio Solution File, Format Version 12.00
# Visual Studio 15
VisualStudioVersion = 15.0.28307.271
MinimumVisualStudioVersion = 10.0.40219.1
Project("{FAE04EC0-301F-11D3-BF4B-00C04F79EFBC}") = "Ecommerce", "Ecommerce\Ecommerce.csproj", "{E0460652-C9D2-4274-A913-C9C32E97FBD4}"
EndProject
Global
	GlobalSection(SolutionConfigurationPlatforms) = preSolution
		Debug|Any CPU = Debug|Any CPU
		Release|Any CPU = Release|Any CPU
	EndGlobalSection
	GlobalSection(ProjectConfigurationPlatforms) = postSolution
		{E0460652-C9D2-4274-A913-C9C32E97FBD4}.Debug|Any CPU.ActiveCfg = Debug|Any CPU
		{E0460652-C9D2-4274-A913-C9C32E97FBD4}.Debug|Any CPU.Build.0 = Debug|Any CPU
		{E0460652-C9D2-4274-A913-C9C32E97FBD4}.Release|Any CPU.ActiveCfg = Release|Any CPU
		{E0460652-C9D2-4274-A913-C9C32E97FBD4}.Release|Any CPU.Build.0 = Release|Any CPU
	EndGlobalSection
	GlobalSection(SolutionProperties) = preSolution
		HideSolutionNode = FALSE
	EndGlobalSection
	GlobalSection(ExtensibilityGlobals) = postSolution
		SolutionGuid = {3376FEF3-EC3D-43AD-8303-7CF2F83C0F66}
	EndGlobalSection
EndGlobal
